{
  "version": 4,
  "terraform_version": "1.8.2",
  "serial": 90,
  "lineage": "f6b48a13-bd89-c1a2-1c72-7f22a6bc4033",
  "outputs": {
    "val": {
      "value": [
        3,
        "name",
        [
          5,
          3
        ]
      ],
      "type": [
        "tuple",
        [
          "number",
          "string",
          [
            "list",
            "number"
          ]
        ]
      ]
    }
  },
  "resources": [
    {
      "mode": "managed",
      "type": "local_file",
      "name": "sample_res1",
      "provider": "provider[\"registry.terraform.io/hashicorp/local\"]",
      "instances": [
        {
          "schema_version": 0,
          "attributes": {
            "content": "3.5677",
            "content_base64": null,
            "content_base64sha256": "cYfMm+CtaPa+tbN4quxYzH+AaI+Q2YCJU5h06q/dm58=",
            "content_base64sha512": "0Mbf/ZItTA2KiFlnm9cAT9iZJQl4+ndtXtdfonw/ugtklHedv/prSE1eKaQP+/ojq/qoWZHM8jAzo7hbcf3Crw==",
            "content_md5": "8f813d6ad562903dc241b4d4cb2f0f14",
            "content_sha1": "213239e7f6f7e5411fb0eff548f817f31b9a2946",
            "content_sha256": "7187cc9be0ad68f6beb5b378aaec58cc7f80688f90d98089539874eaafdd9b9f",
            "content_sha512": "d0c6dffd922d4c0d8a8859679bd7004fd899250978fa776d5ed75fa27c3fba0b6494779dbffa6b484d5e29a40ffbfa23abfaa85991ccf23033a3b85b71fdc2af",
            "directory_permission": "0777",
            "file_permission": "0777",
            "filename": "sample1.txt",
            "id": "213239e7f6f7e5411fb0eff548f817f31b9a2946",
            "sensitive_content": null,
            "source": null
          },
          "sensitive_attributes": [
            [
              {
                "type": "get_attr",
                "value": "sensitive_content"
              }
            ]
          ]
        }
      ]
    },
    {
      "mode": "managed",
      "type": "local_file",
      "name": "sample_res2",
      "provider": "provider[\"registry.terraform.io/hashicorp/local\"]",
      "instances": [
        {
          "schema_version": 0,
          "attributes": {
            "content": "dscsd",
            "content_base64": null,
            "content_base64sha256": "3b+qn5GbwGvJCQqmjYmSp8wX79MJDDjT+zzvTSbXqIE=",
            "content_base64sha512": "d+b1+J7016a3lrjCj9ElhmwjIJD9wN6q3QeSDNk7HpZd9sI0K0NeQpVO0qe5rhqBe/y9UOeLCbt/0thDcXen1g==",
            "content_md5": "85526870572caac73c59198945909ec7",
            "content_sha1": "aa660f536d92f98d33f4ff63c31dce4b06c9f931",
            "content_sha256": "ddbfaa9f919bc06bc9090aa68d8992a7cc17efd3090c38d3fb3cef4d26d7a881",
            "content_sha512": "77e6f5f89ef4d7a6b796b8c28fd125866c232090fdc0deaadd07920cd93b1e965df6c2342b435e42954ed2a7b9ae1a817bfcbd50e78b09bb7fd2d8437177a7d6",
            "directory_permission": "0777",
            "file_permission": "0777",
            "filename": "sample1.txt",
            "id": "aa660f536d92f98d33f4ff63c31dce4b06c9f931",
            "sensitive_content": null,
            "source": null
          },
          "sensitive_attributes": [
            [
              {
                "type": "get_attr",
                "value": "sensitive_content"
              }
            ]
          ],
          "create_before_destroy": true
        }
      ]
    },
    {
      "mode": "managed",
      "type": "local_file",
      "name": "sample_res3",
      "provider": "provider[\"registry.terraform.io/hashicorp/local\"]",
      "instances": [
        {
          "schema_version": 0,
          "attributes": {
            "content": "22",
            "content_base64": null,
            "content_base64sha256": "eF8+x+sy8wuQzQ/PNlfTiLX/Qpfy+XFv9m6bacBd3Qk=",
            "content_base64sha512": "atJ10mwgDoFTTZmWGDyHSN36vHsKARqQ9GMBYm1wmSNHRwPKyrD/i2fNhGtstVsjo5sD+9+1IY7sM3PPcBChZg==",
            "content_md5": "b6d767d2f8ed5d21a44b0e5886680cb9",
            "content_sha1": "12c6fc06c99a462375eeb3f43dfd832b08ca9e17",
            "content_sha256": "785f3ec7eb32f30b90cd0fcf3657d388b5ff4297f2f9716ff66e9b69c05ddd09",
            "content_sha512": "6ad275d26c200e81534d9996183c8748ddfabc7b0a011a90f46301626d709923474703cacab0ff8b67cd846b6cb55b23a39b03fbdfb5218eec3373cf7010a166",
            "directory_permission": "0777",
            "file_permission": "0777",
            "filename": "sample3.txt",
            "id": "12c6fc06c99a462375eeb3f43dfd832b08ca9e17",
            "sensitive_content": null,
            "source": null
          },
          "sensitive_attributes": [
            [
              {
                "type": "get_attr",
                "value": "sensitive_content"
              }
            ]
          ]
        }
      ]
    },
    {
      "mode": "managed",
      "type": "local_file",
      "name": "sample_res4",
      "provider": "provider[\"registry.terraform.io/hashicorp/local\"]",
      "instances": [
        {
          "schema_version": 0,
          "attributes": {
            "content": "3",
            "content_base64": null,
            "content_base64sha256": "TgdAhWK+24tgzgXB3s/jrRa3IjCWfeAfZAt+Rym0n84=",
            "content_base64sha512": "O6+/CIgqLRATMJOhuEM/UFY7k8FKzQW3kCjrHRJ5kCckFFCYBlGZRQFCOmbCdq4mxDtzm8ZcThaxDDr2wgKuuw==",
            "content_md5": "eccbc87e4b5ce2fe28308fd9f2a7baf3",
            "content_sha1": "77de68daecd823babbb58edb1c8e14d7106e83bb",
            "content_sha256": "4e07408562bedb8b60ce05c1decfe3ad16b72230967de01f640b7e4729b49fce",
            "content_sha512": "3bafbf08882a2d10133093a1b8433f50563b93c14acd05b79028eb1d12799027241450980651994501423a66c276ae26c43b739bc65c4e16b10c3af6c202aebb",
            "directory_permission": "0777",
            "file_permission": "0777",
            "filename": "sample4.txt",
            "id": "77de68daecd823babbb58edb1c8e14d7106e83bb",
            "sensitive_content": null,
            "source": null
          },
          "sensitive_attributes": [
            [
              {
                "type": "get_attr",
                "value": "sensitive_content"
              }
            ]
          ]
        }
      ]
    },
    {
      "mode": "managed",
      "type": "local_file",
      "name": "sample_res5",
      "provider": "provider[\"registry.terraform.io/hashicorp/local\"]",
      "instances": [
        {
          "schema_version": 0,
          "attributes": {
            "content": "3",
            "content_base64": null,
            "content_base64sha256": "TgdAhWK+24tgzgXB3s/jrRa3IjCWfeAfZAt+Rym0n84=",
            "content_base64sha512": "O6+/CIgqLRATMJOhuEM/UFY7k8FKzQW3kCjrHRJ5kCckFFCYBlGZRQFCOmbCdq4mxDtzm8ZcThaxDDr2wgKuuw==",
            "content_md5": "eccbc87e4b5ce2fe28308fd9f2a7baf3",
            "content_sha1": "77de68daecd823babbb58edb1c8e14d7106e83bb",
            "content_sha256": "4e07408562bedb8b60ce05c1decfe3ad16b72230967de01f640b7e4729b49fce",
            "content_sha512": "3bafbf08882a2d10133093a1b8433f50563b93c14acd05b79028eb1d12799027241450980651994501423a66c276ae26c43b739bc65c4e16b10c3af6c202aebb",
            "directory_permission": "0777",
            "file_permission": "0777",
            "filename": "sample5.txt",
            "id": "77de68daecd823babbb58edb1c8e14d7106e83bb",
            "sensitive_content": null,
            "source": null
          },
          "sensitive_attributes": [
            [
              {
                "type": "get_attr",
                "value": "sensitive_content"
              }
            ]
          ]
        }
      ]
    }
  ],
  "check_results": null
}
